
Microsoft Visual Studio Solution File, Format Version 12.00
# Visual Studio Version 17
VisualStudioVersion = 17.8.34112.27
MinimumVisualStudioVersion = 10.0.40219.1
Project("{9A19103F-16F7-4668-BE54-9A1E7A4F7556}") = "OrderService", "OrderService\OrderService.csproj", "{E51C094B-A54B-402F-9936-F497BD3259C7}"
EndProject
Project("{2150E333-8FDC-42A3-9474-1A3956D46DE8}") = "Solution Items", "Solution Items", "{DC8A1958-8AA9-4752-8003-CEFE902CD3F2}"
	ProjectSection(SolutionItems) = preProject
		docker-compose.yml = docker-compose.yml
	EndProjectSection
EndProject
Project("{9A19103F-16F7-4668-BE54-9A1E7A4F7556}") = "InventoryService", "InventoryService\InventoryService.csproj", "{CBA08A53-0902-488A-BF89-0624EF0BAA84}"
EndProject
Project("{9A19103F-16F7-4668-BE54-9A1E7A4F7556}") = "Contracts", "Contracts\Contracts.csproj", "{1EA65FE7-79DC-4510-857F-C1FAC98EC720}"
EndProject
Project("{9A19103F-16F7-4668-BE54-9A1E7A4F7556}") = "PaymentService", "PaymentService\PaymentService.csproj", "{1D045256-AD6B-4DCE-A105-1C586494A35C}"
EndProject
Project("{FAE04EC0-301F-11D3-BF4B-00C04F79EFBC}") = "SagaOrchestrator", "SagaOrchestrator\SagaOrchestrator.csproj", "{DFFBA5A4-2506-4B29-8DFD-B6C8D17193E2}"
EndProject
Global
	GlobalSection(SolutionConfigurationPlatforms) = preSolution
		Debug|Any CPU = Debug|Any CPU
		Release|Any CPU = Release|Any CPU
	EndGlobalSection
	GlobalSection(ProjectConfigurationPlatforms) = postSolution
		{E51C094B-A54B-402F-9936-F497BD3259C7}.Debug|Any CPU.ActiveCfg = Debug|Any CPU
		{E51C094B-A54B-402F-9936-F497BD3259C7}.Debug|Any CPU.Build.0 = Debug|Any CPU
		{E51C094B-A54B-402F-9936-F497BD3259C7}.Release|Any CPU.ActiveCfg = Release|Any CPU
		{E51C094B-A54B-402F-9936-F497BD3259C7}.Release|Any CPU.Build.0 = Release|Any CPU
		{CBA08A53-0902-488A-BF89-0624EF0BAA84}.Debug|Any CPU.ActiveCfg = Debug|Any CPU
		{CBA08A53-0902-488A-BF89-0624EF0BAA84}.Debug|Any CPU.Build.0 = Debug|Any CPU
		{CBA08A53-0902-488A-BF89-0624EF0BAA84}.Release|Any CPU.ActiveCfg = Release|Any CPU
		{CBA08A53-0902-488A-BF89-0624EF0BAA84}.Release|Any CPU.Build.0 = Release|Any CPU
		{1EA65FE7-79DC-4510-857F-C1FAC98EC720}.Debug|Any CPU.ActiveCfg = Debug|Any CPU
		{1EA65FE7-79DC-4510-857F-C1FAC98EC720}.Debug|Any CPU.Build.0 = Debug|Any CPU
		{1EA65FE7-79DC-4510-857F-C1FAC98EC720}.Release|Any CPU.ActiveCfg = Release|Any CPU
		{1EA65FE7-79DC-4510-857F-C1FAC98EC720}.Release|Any CPU.Build.0 = Release|Any CPU
		{1D045256-AD6B-4DCE-A105-1C586494A35C}.Debug|Any CPU.ActiveCfg = Debug|Any CPU
		{1D045256-AD6B-4DCE-A105-1C586494A35C}.Debug|Any CPU.Build.0 = Debug|Any CPU
		{1D045256-AD6B-4DCE-A105-1C586494A35C}.Release|Any CPU.ActiveCfg = Release|Any CPU
		{1D045256-AD6B-4DCE-A105-1C586494A35C}.Release|Any CPU.Build.0 = Release|Any CPU
		{DFFBA5A4-2506-4B29-8DFD-B6C8D17193E2}.Debug|Any CPU.ActiveCfg = Debug|Any CPU
		{DFFBA5A4-2506-4B29-8DFD-B6C8D17193E2}.Debug|Any CPU.Build.0 = Debug|Any CPU
		{DFFBA5A4-2506-4B29-8DFD-B6C8D17193E2}.Release|Any CPU.ActiveCfg = Release|Any CPU
		{DFFBA5A4-2506-4B29-8DFD-B6C8D17193E2}.Release|Any CPU.Build.0 = Release|Any CPU
	EndGlobalSection
	GlobalSection(SolutionProperties) = preSolution
		HideSolutionNode = FALSE
	EndGlobalSection
	GlobalSection(ExtensibilityGlobals) = postSolution
		SolutionGuid = {449AEADC-7631-49FD-9BD5-2FDF9342A9C3}
	EndGlobalSection
EndGlobal
